// !$*UTF8*$!
{
	archiveVersion = 1;
	classes = {
	};
	objectVersion = 51;
	objects = {

/* Begin PBXBuildFile section */
		102CF858238B89E400B00593 /* GoogleService-Info.plist in Resources */ = {isa = PBXBuildFile; fileRef = 102CF857238B89E300B00593 /* GoogleService-Info.plist */; };
		1036DC3124730CD600B8CB52 /* PostApi.swift in Sources */ = {isa = PBXBuildFile; fileRef = 1036DC3024730CD600B8CB52 /* PostApi.swift */; };
		1036DC34247312BE00B8CB52 /* UserApi.swift in Sources */ = {isa = PBXBuildFile; fileRef = 1036DC33247312BE00B8CB52 /* UserApi.swift */; };
		1036DC36247314FF00B8CB52 /* Api.swift in Sources */ = {isa = PBXBuildFile; fileRef = 1036DC35247314FF00B8CB52 /* Api.swift */; };
		1036DC38247315A600B8CB52 /* CommentApi.swift in Sources */ = {isa = PBXBuildFile; fileRef = 1036DC37247315A600B8CB52 /* CommentApi.swift */; };
		1036DC3A24731A3F00B8CB52 /* Post_CommentApi.swift in Sources */ = {isa = PBXBuildFile; fileRef = 1036DC3924731A3F00B8CB52 /* Post_CommentApi.swift */; };
		103CFA20246E5D93007ED20A /* Assets.xcassets in Resources */ = {isa = PBXBuildFile; fileRef = 103CFA1F246E5D93007ED20A /* Assets.xcassets */; };
		10450F652327725D00B81FAE /* AppDelegate.swift in Sources */ = {isa = PBXBuildFile; fileRef = 10450F642327725D00B81FAE /* AppDelegate.swift */; };
		10450F6A2327725D00B81FAE /* Start.storyboard in Resources */ = {isa = PBXBuildFile; fileRef = 10450F682327725D00B81FAE /* Start.storyboard */; };
		10450F6F2327726300B81FAE /* LaunchScreen.storyboard in Resources */ = {isa = PBXBuildFile; fileRef = 10450F6D2327726300B81FAE /* LaunchScreen.storyboard */; };
		10450F772327741E00B81FAE /* SignInViewController.swift in Sources */ = {isa = PBXBuildFile; fileRef = 10450F762327741E00B81FAE /* SignInViewController.swift */; };
		10450F79232780AC00B81FAE /* SignUpViewController.swift in Sources */ = {isa = PBXBuildFile; fileRef = 10450F78232780AC00B81FAE /* SignUpViewController.swift */; };
		10450F812327A71200B81FAE /* HomeViewController.swift in Sources */ = {isa = PBXBuildFile; fileRef = 10450F802327A71200B81FAE /* HomeViewController.swift */; };
		10450F832327A72E00B81FAE /* DiscoverViewController.swift in Sources */ = {isa = PBXBuildFile; fileRef = 10450F822327A72E00B81FAE /* DiscoverViewController.swift */; };
		10450F852327A74000B81FAE /* CameraViewController.swift in Sources */ = {isa = PBXBuildFile; fileRef = 10450F842327A74000B81FAE /* CameraViewController.swift */; };
		10450F872327A75500B81FAE /* ActivityViewController.swift in Sources */ = {isa = PBXBuildFile; fileRef = 10450F862327A75500B81FAE /* ActivityViewController.swift */; };
		10450F892327A76200B81FAE /* ProfileViewController.swift in Sources */ = {isa = PBXBuildFile; fileRef = 10450F882327A76200B81FAE /* ProfileViewController.swift */; };
		1045D44F2327D0250057A50A /* Main.storyboard in Resources */ = {isa = PBXBuildFile; fileRef = 1045D44D2327D0250057A50A /* Main.storyboard */; };
		1045D4522327D1690057A50A /* Home.storyboard in Resources */ = {isa = PBXBuildFile; fileRef = 1045D4502327D1690057A50A /* Home.storyboard */; };
		1045D4542327D1890057A50A /* Discover.storyboard in Resources */ = {isa = PBXBuildFile; fileRef = 1045D4532327D1890057A50A /* Discover.storyboard */; };
		1045D4572327D1A40057A50A /* Camera.storyboard in Resources */ = {isa = PBXBuildFile; fileRef = 1045D4552327D1A40057A50A /* Camera.storyboard */; };
		1045D4592327D1C40057A50A /* Activity.storyboard in Resources */ = {isa = PBXBuildFile; fileRef = 1045D4582327D1C40057A50A /* Activity.storyboard */; };
		1045D45C2327D1DE0057A50A /* Profile.storyboard in Resources */ = {isa = PBXBuildFile; fileRef = 1045D45A2327D1DE0057A50A /* Profile.storyboard */; };
		107526462441EB40003DA266 /* HomeTableViewCell.swift in Sources */ = {isa = PBXBuildFile; fileRef = 107526452441EB40003DA266 /* HomeTableViewCell.swift */; };
		107639B7247D47EB00E71F31 /* HeaderProfileCollectionReusableView.swift in Sources */ = {isa = PBXBuildFile; fileRef = 107639B6247D47EB00E71F31 /* HeaderProfileCollectionReusableView.swift */; };
		107639B9247D764A00E71F31 /* MyPostsApi.swift in Sources */ = {isa = PBXBuildFile; fileRef = 107639B8247D764A00E71F31 /* MyPostsApi.swift */; };
		107639BB247D817200E71F31 /* MyPostsCollectionViewCell.swift in Sources */ = {isa = PBXBuildFile; fileRef = 107639BA247D817200E71F31 /* MyPostsCollectionViewCell.swift */; };
		107639BD247D8D6300E71F31 /* HelperServices.swift in Sources */ = {isa = PBXBuildFile; fileRef = 107639BC247D8D6300E71F31 /* HelperServices.swift */; };
		1078AD872448ADF8000C25DF /* CommentViewController.swift in Sources */ = {isa = PBXBuildFile; fileRef = 1078AD862448ADF8000C25DF /* CommentViewController.swift */; };
		1078AD892448AE19000C25DF /* CommentTableViewCell.swift in Sources */ = {isa = PBXBuildFile; fileRef = 1078AD882448AE19000C25DF /* CommentTableViewCell.swift */; };
		1078AD9D244A2647000C25DF /* Users.swift in Sources */ = {isa = PBXBuildFile; fileRef = 1078AD9A244A2646000C25DF /* Users.swift */; };
		1078AD9E244A2647000C25DF /* Comment.swift in Sources */ = {isa = PBXBuildFile; fileRef = 1078AD9B244A2647000C25DF /* Comment.swift */; };
		1078AD9F244A2647000C25DF /* Post.swift in Sources */ = {isa = PBXBuildFile; fileRef = 1078AD9C244A2647000C25DF /* Post.swift */; };
		108453B424FAC29A00B42D45 /* ProfileUserViewController.swift in Sources */ = {isa = PBXBuildFile; fileRef = 108453B324FAC29A00B42D45 /* ProfileUserViewController.swift */; };
		10AA908524F9A23F00D146A4 /* SearchViewController.swift in Sources */ = {isa = PBXBuildFile; fileRef = 10AA908424F9A23E00D146A4 /* SearchViewController.swift */; };
		10B445FB24C2214B00ED69FE /* FeedApi.swift in Sources */ = {isa = PBXBuildFile; fileRef = 10B445FA24C2214B00ED69FE /* FeedApi.swift */; };
		10E4CF402332A7E00058E36C /* AuthServices.swift in Sources */ = {isa = PBXBuildFile; fileRef = 10E4CF3F2332A7E00058E36C /* AuthServices.swift */; };
		10E4CF422333A76B0058E36C /* Config.swift in Sources */ = {isa = PBXBuildFile; fileRef = 10E4CF412333A76B0058E36C /* Config.swift */; };
		10E6A24024BAEB7E00CF9D29 /* PeopleViewController.swift in Sources */ = {isa = PBXBuildFile; fileRef = 10E6A23F24BAEB7E00CF9D29 /* PeopleViewController.swift */; };
		10E6A24224BAEBBB00CF9D29 /* PeopleTableViewCell.swift in Sources */ = {isa = PBXBuildFile; fileRef = 10E6A24124BAEBBB00CF9D29 /* PeopleTableViewCell.swift */; };
		10E6A24424BAF9AB00CF9D29 /* FollowApi.swift in Sources */ = {isa = PBXBuildFile; fileRef = 10E6A24324BAF9AB00CF9D29 /* FollowApi.swift */; };
		1E65FE0E251F1E2E00AA778F /* SettingTableViewController.swift in Sources */ = {isa = PBXBuildFile; fileRef = 1E65FE0D251F1E2E00AA778F /* SettingTableViewController.swift */; };
		6232FE008BC35712C0CA22D3 /* Pods_PicSick.framework in Frameworks */ = {isa = PBXBuildFile; fileRef = 21DFFEF1CF795E8AB64335E9 /* Pods_PicSick.framework */; };
/* End PBXBuildFile section */

/* Begin PBXFileReference section */
		05342B39BB2DF8BDD5F03993 /* Pods-InstagramClone.debug.xcconfig */ = {isa = PBXFileReference; includeInIndex = 1; lastKnownFileType = text.xcconfig; name = "Pods-InstagramClone.debug.xcconfig"; path = "Target Support Files/Pods-InstagramClone/Pods-InstagramClone.debug.xcconfig"; sourceTree = "<group>"; };
		102CF857238B89E300B00593 /* GoogleService-Info.plist */ = {isa = PBXFileReference; fileEncoding = 4; lastKnownFileType = text.plist.xml; path = "GoogleService-Info.plist"; sourceTree = "<group>"; };
		1036DC3024730CD600B8CB52 /* PostApi.swift */ = {isa = PBXFileReference; lastKnownFileType = sourcecode.swift; path = PostApi.swift; sourceTree = "<group>"; };
		1036DC33247312BE00B8CB52 /* UserApi.swift */ = {isa = PBXFileReference; lastKnownFileType = sourcecode.swift; path = UserApi.swift; sourceTree = "<group>"; };
		1036DC35247314FF00B8CB52 /* Api.swift */ = {isa = PBXFileReference; lastKnownFileType = sourcecode.swift; path = Api.swift; sourceTree = "<group>"; };
		1036DC37247315A600B8CB52 /* CommentApi.swift */ = {isa = PBXFileReference; lastKnownFileType = sourcecode.swift; path = CommentApi.swift; sourceTree = "<group>"; };
		1036DC3924731A3F00B8CB52 /* Post_CommentApi.swift */ = {isa = PBXFileReference; lastKnownFileType = sourcecode.swift; path = Post_CommentApi.swift; sourceTree = "<group>"; };
		103CFA1F246E5D93007ED20A /* Assets.xcassets */ = {isa = PBXFileReference; lastKnownFileType = folder.assetcatalog; path = Assets.xcassets; sourceTree = "<group>"; };
		10450F612327725D00B81FAE /* PicSick.app */ = {isa = PBXFileReference; explicitFileType = wrapper.application; includeInIndex = 0; path = PicSick.app; sourceTree = BUILT_PRODUCTS_DIR; };
		10450F642327725D00B81FAE /* AppDelegate.swift */ = {isa = PBXFileReference; lastKnownFileType = sourcecode.swift; path = AppDelegate.swift; sourceTree = "<group>"; };
		10450F692327725D00B81FAE /* Base */ = {isa = PBXFileReference; lastKnownFileType = file.storyboard; name = Base; path = Base.lproj/Start.storyboard; sourceTree = "<group>"; };
		10450F6E2327726300B81FAE /* Base */ = {isa = PBXFileReference; lastKnownFileType = file.storyboard; name = Base; path = Base.lproj/LaunchScreen.storyboard; sourceTree = "<group>"; };
		10450F702327726300B81FAE /* Info.plist */ = {isa = PBXFileReference; lastKnownFileType = text.plist.xml; path = Info.plist; sourceTree = "<group>"; };
		10450F762327741E00B81FAE /* SignInViewController.swift */ = {isa = PBXFileReference; lastKnownFileType = sourcecode.swift; path = SignInViewController.swift; sourceTree = "<group>"; };
		10450F78232780AC00B81FAE /* SignUpViewController.swift */ = {isa = PBXFileReference; lastKnownFileType = sourcecode.swift; path = SignUpViewController.swift; sourceTree = "<group>"; };
		10450F802327A71200B81FAE /* HomeViewController.swift */ = {isa = PBXFileReference; lastKnownFileType = sourcecode.swift; path = HomeViewController.swift; sourceTree = "<group>"; };
		10450F822327A72E00B81FAE /* DiscoverViewController.swift */ = {isa = PBXFileReference; lastKnownFileType = sourcecode.swift; path = DiscoverViewController.swift; sourceTree = "<group>"; };
		10450F842327A74000B81FAE /* CameraViewController.swift */ = {isa = PBXFileReference; lastKnownFileType = sourcecode.swift; path = CameraViewController.swift; sourceTree = "<group>"; };
		10450F862327A75500B81FAE /* ActivityViewController.swift */ = {isa = PBXFileReference; lastKnownFileType = sourcecode.swift; path = ActivityViewController.swift; sourceTree = "<group>"; };
		10450F882327A76200B81FAE /* ProfileViewController.swift */ = {isa = PBXFileReference; lastKnownFileType = sourcecode.swift; path = ProfileViewController.swift; sourceTree = "<group>"; };
		1045D44E2327D0250057A50A /* Base */ = {isa = PBXFileReference; lastKnownFileType = file.storyboard; name = Base; path = InstagramClone/Base.lproj/Main.storyboard; sourceTree = "<group>"; };
		1045D4512327D1690057A50A /* Base */ = {isa = PBXFileReference; lastKnownFileType = file.storyboard; name = Base; path = InstagramClone/InstagramClone/Base.lproj/Home.storyboard; sourceTree = "<group>"; };
		1045D4532327D1890057A50A /* Discover.storyboard */ = {isa = PBXFileReference; fileEncoding = 4; lastKnownFileType = file.storyboard; path = Discover.storyboard; sourceTree = "<group>"; };
		1045D4562327D1A40057A50A /* Base */ = {isa = PBXFileReference; lastKnownFileType = file.storyboard; name = Base; path = InstagramClone/InstagramClone/Base.lproj/Camera.storyboard; sourceTree = "<group>"; };
		1045D4582327D1C40057A50A /* Activity.storyboard */ = {isa = PBXFileReference; fileEncoding = 4; lastKnownFileType = file.storyboard; path = Activity.storyboard; sourceTree = "<group>"; };
		1045D45B2327D1DE0057A50A /* Base */ = {isa = PBXFileReference; lastKnownFileType = file.storyboard; name = Base; path = InstagramClone/InstagramClone/Base.lproj/Profile.storyboard; sourceTree = "<group>"; };
		107526452441EB40003DA266 /* HomeTableViewCell.swift */ = {isa = PBXFileReference; lastKnownFileType = sourcecode.swift; path = HomeTableViewCell.swift; sourceTree = "<group>"; };
		107639B6247D47EB00E71F31 /* HeaderProfileCollectionReusableView.swift */ = {isa = PBXFileReference; lastKnownFileType = sourcecode.swift; path = HeaderProfileCollectionReusableView.swift; sourceTree = "<group>"; };
		107639B8247D764A00E71F31 /* MyPostsApi.swift */ = {isa = PBXFileReference; lastKnownFileType = sourcecode.swift; path = MyPostsApi.swift; sourceTree = "<group>"; };
		107639BA247D817200E71F31 /* MyPostsCollectionViewCell.swift */ = {isa = PBXFileReference; lastKnownFileType = sourcecode.swift; path = MyPostsCollectionViewCell.swift; sourceTree = "<group>"; };
		107639BC247D8D6300E71F31 /* HelperServices.swift */ = {isa = PBXFileReference; lastKnownFileType = sourcecode.swift; path = HelperServices.swift; sourceTree = "<group>"; };
		1078AD862448ADF8000C25DF /* CommentViewController.swift */ = {isa = PBXFileReference; lastKnownFileType = sourcecode.swift; path = CommentViewController.swift; sourceTree = "<group>"; };
		1078AD882448AE19000C25DF /* CommentTableViewCell.swift */ = {isa = PBXFileReference; lastKnownFileType = sourcecode.swift; path = CommentTableViewCell.swift; sourceTree = "<group>"; };
		1078AD9A244A2646000C25DF /* Users.swift */ = {isa = PBXFileReference; fileEncoding = 4; lastKnownFileType = sourcecode.swift; path = Users.swift; sourceTree = "<group>"; };
		1078AD9B244A2647000C25DF /* Comment.swift */ = {isa = PBXFileReference; fileEncoding = 4; lastKnownFileType = sourcecode.swift; path = Comment.swift; sourceTree = "<group>"; };
		1078AD9C244A2647000C25DF /* Post.swift */ = {isa = PBXFileReference; fileEncoding = 4; lastKnownFileType = sourcecode.swift; path = Post.swift; sourceTree = "<group>"; };
		108453B324FAC29A00B42D45 /* ProfileUserViewController.swift */ = {isa = PBXFileReference; lastKnownFileType = sourcecode.swift; path = ProfileUserViewController.swift; sourceTree = "<group>"; };
		10AA908424F9A23E00D146A4 /* SearchViewController.swift */ = {isa = PBXFileReference; lastKnownFileType = sourcecode.swift; path = SearchViewController.swift; sourceTree = "<group>"; };
		10B445FA24C2214B00ED69FE /* FeedApi.swift */ = {isa = PBXFileReference; lastKnownFileType = sourcecode.swift; path = FeedApi.swift; sourceTree = "<group>"; };
		10E4CF3F2332A7E00058E36C /* AuthServices.swift */ = {isa = PBXFileReference; lastKnownFileType = sourcecode.swift; path = AuthServices.swift; sourceTree = "<group>"; };
		10E4CF412333A76B0058E36C /* Config.swift */ = {isa = PBXFileReference; lastKnownFileType = sourcecode.swift; path = Config.swift; sourceTree = "<group>"; };
		10E6A23F24BAEB7E00CF9D29 /* PeopleViewController.swift */ = {isa = PBXFileReference; lastKnownFileType = sourcecode.swift; path = PeopleViewController.swift; sourceTree = "<group>"; };
		10E6A24124BAEBBB00CF9D29 /* PeopleTableViewCell.swift */ = {isa = PBXFileReference; lastKnownFileType = sourcecode.swift; path = PeopleTableViewCell.swift; sourceTree = "<group>"; };
		10E6A24324BAF9AB00CF9D29 /* FollowApi.swift */ = {isa = PBXFileReference; lastKnownFileType = sourcecode.swift; path = FollowApi.swift; sourceTree = "<group>"; };
		1E65FE0D251F1E2E00AA778F /* SettingTableViewController.swift */ = {isa = PBXFileReference; lastKnownFileType = sourcecode.swift; path = SettingTableViewController.swift; sourceTree = "<group>"; };
		21DFFEF1CF795E8AB64335E9 /* Pods_PicSick.framework */ = {isa = PBXFileReference; explicitFileType = wrapper.framework; includeInIndex = 0; path = Pods_PicSick.framework; sourceTree = BUILT_PRODUCTS_DIR; };
		4D6B4EEE537696345F2B12AA /* Pods-InstagramClone.release.xcconfig */ = {isa = PBXFileReference; includeInIndex = 1; lastKnownFileType = text.xcconfig; name = "Pods-InstagramClone.release.xcconfig"; path = "Target Support Files/Pods-InstagramClone/Pods-InstagramClone.release.xcconfig"; sourceTree = "<group>"; };
		5AD74D21833CB276C6A7D828 /* Pods-PicSick.debug.xcconfig */ = {isa = PBXFileReference; includeInIndex = 1; lastKnownFileType = text.xcconfig; name = "Pods-PicSick.debug.xcconfig"; path = "Target Support Files/Pods-PicSick/Pods-PicSick.debug.xcconfig"; sourceTree = "<group>"; };
		B374D59188A0A55EBED9307A /* Pods-PicSick.release.xcconfig */ = {isa = PBXFileReference; includeInIndex = 1; lastKnownFileType = text.xcconfig; name = "Pods-PicSick.release.xcconfig"; path = "Target Support Files/Pods-PicSick/Pods-PicSick.release.xcconfig"; sourceTree = "<group>"; };
/* End PBXFileReference section */

/* Begin PBXFrameworksBuildPhase section */
		10450F5E2327725D00B81FAE /* Frameworks */ = {
			isa = PBXFrameworksBuildPhase;
			buildActionMask = 2147483647;
			files = (
				6232FE008BC35712C0CA22D3 /* Pods_PicSick.framework in Frameworks */,
			);
			runOnlyForDeploymentPostprocessing = 0;
		};
/* End PBXFrameworksBuildPhase section */

/* Begin PBXGroup section */
		1036DC322473128600B8CB52 /* APIs and Helper */ = {
			isa = PBXGroup;
			children = (
				10E4CF3F2332A7E00058E36C /* AuthServices.swift */,
				10E4CF412333A76B0058E36C /* Config.swift */,
				1036DC3024730CD600B8CB52 /* PostApi.swift */,
				1036DC33247312BE00B8CB52 /* UserApi.swift */,
				1036DC35247314FF00B8CB52 /* Api.swift */,
				1036DC37247315A600B8CB52 /* CommentApi.swift */,
				1036DC3924731A3F00B8CB52 /* Post_CommentApi.swift */,
				107639B8247D764A00E71F31 /* MyPostsApi.swift */,
				107639BC247D8D6300E71F31 /* HelperServices.swift */,
				10E6A24324BAF9AB00CF9D29 /* FollowApi.swift */,
				10B445FA24C2214B00ED69FE /* FeedApi.swift */,
			);
			path = "APIs and Helper";
			sourceTree = "<group>";
		};
		10450F582327725D00B81FAE = {
			isa = PBXGroup;
			children = (
				10450F632327725D00B81FAE /* InstagramClone */,
				10450F622327725D00B81FAE /* Products */,
				8D71C1C531F124CD0FBC7554 /* Pods */,
				2BD2AC8EC9BC467D9C66B3EB /* Frameworks */,
			);
			sourceTree = "<group>";
		};
		10450F622327725D00B81FAE /* Products */ = {
			isa = PBXGroup;
			children = (
				10450F612327725D00B81FAE /* PicSick.app */,
			);
			name = Products;
			sourceTree = "<group>";
		};
		10450F632327725D00B81FAE /* InstagramClone */ = {
			isa = PBXGroup;
			children = (
				103CFA1F246E5D93007ED20A /* Assets.xcassets */,
				10450F642327725D00B81FAE /* AppDelegate.swift */,
				1036DC322473128600B8CB52 /* APIs and Helper */,
				1096E488244234A7002BE650 /* Model */,
				107526472441EB47003DA266 /* Views */,
				10E4CF3E2332A46C0058E36C /* StoryBoards */,
				10450F8A2327A77000B81FAE /* View Controllers */,
				10450F6D2327726300B81FAE /* LaunchScreen.storyboard */,
				102CF857238B89E300B00593 /* GoogleService-Info.plist */,
				10450F702327726300B81FAE /* Info.plist */,
			);
			path = InstagramClone;
			sourceTree = "<group>";
		};
		10450F8A2327A77000B81FAE /* View Controllers */ = {
			isa = PBXGroup;
			children = (
				10450F762327741E00B81FAE /* SignInViewController.swift */,
				10450F78232780AC00B81FAE /* SignUpViewController.swift */,
				10450F802327A71200B81FAE /* HomeViewController.swift */,
				1078AD862448ADF8000C25DF /* CommentViewController.swift */,
				10450F822327A72E00B81FAE /* DiscoverViewController.swift */,
				10450F842327A74000B81FAE /* CameraViewController.swift */,
				10450F862327A75500B81FAE /* ActivityViewController.swift */,
				10450F882327A76200B81FAE /* ProfileViewController.swift */,
				10E6A23F24BAEB7E00CF9D29 /* PeopleViewController.swift */,
				10AA908424F9A23E00D146A4 /* SearchViewController.swift */,
				108453B324FAC29A00B42D45 /* ProfileUserViewController.swift */,
				1E65FE0D251F1E2E00AA778F /* SettingTableViewController.swift */,
			);
			path = "View Controllers";
			sourceTree = "<group>";
		};
		107526472441EB47003DA266 /* Views */ = {
			isa = PBXGroup;
			children = (
				107526452441EB40003DA266 /* HomeTableViewCell.swift */,
				1078AD882448AE19000C25DF /* CommentTableViewCell.swift */,
				107639B6247D47EB00E71F31 /* HeaderProfileCollectionReusableView.swift */,
				107639BA247D817200E71F31 /* MyPostsCollectionViewCell.swift */,
				10E6A24124BAEBBB00CF9D29 /* PeopleTableViewCell.swift */,
			);
			path = Views;
			sourceTree = "<group>";
		};
		1096E488244234A7002BE650 /* Model */ = {
			isa = PBXGroup;
			children = (
				1078AD9B244A2647000C25DF /* Comment.swift */,
				1078AD9C244A2647000C25DF /* Post.swift */,
				1078AD9A244A2646000C25DF /* Users.swift */,
			);
			path = Model;
			sourceTree = "<group>";
		};
		10E4CF3E2332A46C0058E36C /* StoryBoards */ = {
			isa = PBXGroup;
			children = (
				1045D44D2327D0250057A50A /* Main.storyboard */,
				10450F682327725D00B81FAE /* Start.storyboard */,
				1045D4502327D1690057A50A /* Home.storyboard */,
				1045D4532327D1890057A50A /* Discover.storyboard */,
				1045D4552327D1A40057A50A /* Camera.storyboard */,
				1045D4582327D1C40057A50A /* Activity.storyboard */,
				1045D45A2327D1DE0057A50A /* Profile.storyboard */,
			);
			path = StoryBoards;
			sourceTree = "<group>";
		};
		2BD2AC8EC9BC467D9C66B3EB /* Frameworks */ = {
			isa = PBXGroup;
			children = (
				21DFFEF1CF795E8AB64335E9 /* Pods_PicSick.framework */,
			);
			name = Frameworks;
			sourceTree = "<group>";
		};
		8D71C1C531F124CD0FBC7554 /* Pods */ = {
			isa = PBXGroup;
			children = (
				05342B39BB2DF8BDD5F03993 /* Pods-InstagramClone.debug.xcconfig */,
				4D6B4EEE537696345F2B12AA /* Pods-InstagramClone.release.xcconfig */,
				5AD74D21833CB276C6A7D828 /* Pods-PicSick.debug.xcconfig */,
				B374D59188A0A55EBED9307A /* Pods-PicSick.release.xcconfig */,
			);
			path = Pods;
			sourceTree = "<group>";
		};
/* End PBXGroup section */

/* Begin PBXNativeTarget section */
		10450F602327725D00B81FAE /* PicSick */ = {
			isa = PBXNativeTarget;
			buildConfigurationList = 10450F732327726300B81FAE /* Build configuration list for PBXNativeTarget "PicSick" */;
			buildPhases = (
				804515F8F2F58BBFB836F066 /* [CP] Check Pods Manifest.lock */,
				10450F5D2327725D00B81FAE /* Sources */,
				10450F5E2327725D00B81FAE /* Frameworks */,
				10450F5F2327725D00B81FAE /* Resources */,
				B69D4596D86C8A57DBFF822B /* [CP] Embed Pods Frameworks */,
			);
			buildRules = (
			);
			dependencies = (
			);
			name = PicSick;
			productName = InstagramClone;
			productReference = 10450F612327725D00B81FAE /* PicSick.app */;
			productType = "com.apple.product-type.application";
		};
/* End PBXNativeTarget section */

/* Begin PBXProject section */
		10450F592327725D00B81FAE /* Project object */ = {
			isa = PBXProject;
			attributes = {
				LastSwiftUpdateCheck = 1030;
				LastUpgradeCheck = 1030;
				ORGANIZATIONNAME = "Devesh Tyagi";
				TargetAttributes = {
					10450F602327725D00B81FAE = {
						CreatedOnToolsVersion = 10.3;
					};
				};
			};
			buildConfigurationList = 10450F5C2327725D00B81FAE /* Build configuration list for PBXProject "PicSick" */;
			compatibilityVersion = "Xcode 9.3";
			developmentRegion = en;
			hasScannedForEncodings = 0;
			knownRegions = (
				en,
				Base,
			);
			mainGroup = 10450F582327725D00B81FAE;
			productRefGroup = 10450F622327725D00B81FAE /* Products */;
			projectDirPath = "";
			projectRoot = "";
			targets = (
				10450F602327725D00B81FAE /* PicSick */,
			);
		};
/* End PBXProject section */

/* Begin PBXResourcesBuildPhase section */
		10450F5F2327725D00B81FAE /* Resources */ = {
			isa = PBXResourcesBuildPhase;
			buildActionMask = 2147483647;
			files = (
				10450F6F2327726300B81FAE /* LaunchScreen.storyboard in Resources */,
				1045D4572327D1A40057A50A /* Camera.storyboard in Resources */,
				103CFA20246E5D93007ED20A /* Assets.xcassets in Resources */,
				1045D4522327D1690057A50A /* Home.storyboard in Resources */,
				10450F6A2327725D00B81FAE /* Start.storyboard in Resources */,
				1045D44F2327D0250057A50A /* Main.storyboard in Resources */,
				102CF858238B89E400B00593 /* GoogleService-Info.plist in Resources */,
				1045D45C2327D1DE0057A50A /* Profile.storyboard in Resources */,
				1045D4542327D1890057A50A /* Discover.storyboard in Resources */,
				1045D4592327D1C40057A50A /* Activity.storyboard in Resources */,
			);
			runOnlyForDeploymentPostprocessing = 0;
		};
/* End PBXResourcesBuildPhase section */

/* Begin PBXShellScriptBuildPhase section */
		804515F8F2F58BBFB836F066 /* [CP] Check Pods Manifest.lock */ = {
			isa = PBXShellScriptBuildPhase;
			buildActionMask = 2147483647;
			files = (
			);
			inputFileListPaths = (
			);
			inputPaths = (
				"${PODS_PODFILE_DIR_PATH}/Podfile.lock",
				"${PODS_ROOT}/Manifest.lock",
			);
			name = "[CP] Check Pods Manifest.lock";
			outputFileListPaths = (
			);
			outputPaths = (
				"$(DERIVED_FILE_DIR)/Pods-PicSick-checkManifestLockResult.txt",
			);
			runOnlyForDeploymentPostprocessing = 0;
			shellPath = /bin/sh;
			shellScript = "diff \"${PODS_PODFILE_DIR_PATH}/Podfile.lock\" \"${PODS_ROOT}/Manifest.lock\" > /dev/null\nif [ $? != 0 ] ; then\n    # print error to STDERR\n    echo \"error: The sandbox is not in sync with the Podfile.lock. Run 'pod install' or update your CocoaPods installation.\" >&2\n    exit 1\nfi\n# This output is used by Xcode 'outputs' to avoid re-running this script phase.\necho \"SUCCESS\" > \"${SCRIPT_OUTPUT_FILE_0}\"\n";
			showEnvVarsInLog = 0;
		};
		B69D4596D86C8A57DBFF822B /* [CP] Embed Pods Frameworks */ = {
			isa = PBXShellScriptBuildPhase;
			buildActionMask = 2147483647;
			files = (
			);
			inputFileListPaths = (
				"${PODS_ROOT}/Target Support Files/Pods-PicSick/Pods-PicSick-frameworks-${CONFIGURATION}-input-files.xcfilelist",
			);
			name = "[CP] Embed Pods Frameworks";
			outputFileListPaths = (
				"${PODS_ROOT}/Target Support Files/Pods-PicSick/Pods-PicSick-frameworks-${CONFIGURATION}-output-files.xcfilelist",
			);
			runOnlyForDeploymentPostprocessing = 0;
			shellPath = /bin/sh;
			shellScript = "\"${PODS_ROOT}/Target Support Files/Pods-PicSick/Pods-PicSick-frameworks.sh\"\n";
			showEnvVarsInLog = 0;
		};
/* End PBXShellScriptBuildPhase section */

/* Begin PBXSourcesBuildPhase section */
		10450F5D2327725D00B81FAE /* Sources */ = {
			isa = PBXSourcesBuildPhase;
			buildActionMask = 2147483647;
			files = (
				1E65FE0E251F1E2E00AA778F /* SettingTableViewController.swift in Sources */,
				10AA908524F9A23F00D146A4 /* SearchViewController.swift in Sources */,
				1078AD872448ADF8000C25DF /* CommentViewController.swift in Sources */,
				10450F79232780AC00B81FAE /* SignUpViewController.swift in Sources */,
				107639B7247D47EB00E71F31 /* HeaderProfileCollectionReusableView.swift in Sources */,
				10450F772327741E00B81FAE /* SignInViewController.swift in Sources */,
				1036DC36247314FF00B8CB52 /* Api.swift in Sources */,
				10450F652327725D00B81FAE /* AppDelegate.swift in Sources */,
				10450F812327A71200B81FAE /* HomeViewController.swift in Sources */,
				10B445FB24C2214B00ED69FE /* FeedApi.swift in Sources */,
				10E6A24224BAEBBB00CF9D29 /* PeopleTableViewCell.swift in Sources */,
				107639BD247D8D6300E71F31 /* HelperServices.swift in Sources */,
				1078AD892448AE19000C25DF /* CommentTableViewCell.swift in Sources */,
				107639BB247D817200E71F31 /* MyPostsCollectionViewCell.swift in Sources */,
				1036DC3A24731A3F00B8CB52 /* Post_CommentApi.swift in Sources */,
				1078AD9D244A2647000C25DF /* Users.swift in Sources */,
				10450F872327A75500B81FAE /* ActivityViewController.swift in Sources */,
				107526462441EB40003DA266 /* HomeTableViewCell.swift in Sources */,
				10450F832327A72E00B81FAE /* DiscoverViewController.swift in Sources */,
				1078AD9E244A2647000C25DF /* Comment.swift in Sources */,
				1036DC38247315A600B8CB52 /* CommentApi.swift in Sources */,
				1078AD9F244A2647000C25DF /* Post.swift in Sources */,
				10E6A24424BAF9AB00CF9D29 /* FollowApi.swift in Sources */,
				10E4CF402332A7E00058E36C /* AuthServices.swift in Sources */,
				10E6A24024BAEB7E00CF9D29 /* PeopleViewController.swift in Sources */,
				108453B424FAC29A00B42D45 /* ProfileUserViewController.swift in Sources */,
				10E4CF422333A76B0058E36C /* Config.swift in Sources */,
				10450F892327A76200B81FAE /* ProfileViewController.swift in Sources */,
				107639B9247D764A00E71F31 /* MyPostsApi.swift in Sources */,
				1036DC34247312BE00B8CB52 /* UserApi.swift in Sources */,
				10450F852327A74000B81FAE /* CameraViewController.swift in Sources */,
				1036DC3124730CD600B8CB52 /* PostApi.swift in Sources */,
			);
			runOnlyForDeploymentPostprocessing = 0;
		};
/* End PBXSourcesBuildPhase section */

/* Begin PBXVariantGroup section */
		10450F682327725D00B81FAE /* Start.storyboard */ = {
			isa = PBXVariantGroup;
			children = (
				10450F692327725D00B81FAE /* Base */,
			);
			name = Start.storyboard;
			sourceTree = "<group>";
		};
		10450F6D2327726300B81FAE /* LaunchScreen.storyboard */ = {
			isa = PBXVariantGroup;
			children = (
				10450F6E2327726300B81FAE /* Base */,
			);
			name = LaunchScreen.storyboard;
			sourceTree = "<group>";
		};
		1045D44D2327D0250057A50A /* Main.storyboard */ = {
			isa = PBXVariantGroup;
			children = (
				1045D44E2327D0250057A50A /* Base */,
			);
			name = Main.storyboard;
			sourceTree = "<group>";
		};
		1045D4502327D1690057A50A /* Home.storyboard */ = {
			isa = PBXVariantGroup;
			children = (
				1045D4512327D1690057A50A /* Base */,
			);
			name = Home.storyboard;
			sourceTree = "<group>";
		};
		1045D4552327D1A40057A50A /* Camera.storyboard */ = {
			isa = PBXVariantGroup;
			children = (
				1045D4562327D1A40057A50A /* Base */,
			);
			name = Camera.storyboard;
			sourceTree = "<group>";
		};
		1045D45A2327D1DE0057A50A /* Profile.storyboard */ = {
			isa = PBXVariantGroup;
			children = (
				1045D45B2327D1DE0057A50A /* Base */,
			);
			name = Profile.storyboard;
			sourceTree = "<group>";
		};
/* End PBXVariantGroup section */

/* Begin XCBuildConfiguration section */
		10450F712327726300B81FAE /* Debug */ = {
			isa = XCBuildConfiguration;
			buildSettings = {
				ALWAYS_SEARCH_USER_PATHS = NO;
				CLANG_ANALYZER_NONNULL = YES;
				CLANG_ANALYZER_NUMBER_OBJECT_CONVERSION = YES_AGGRESSIVE;
				CLANG_CXX_LANGUAGE_STANDARD = "gnu++14";
				CLANG_CXX_LIBRARY = "libc++";
				CLANG_ENABLE_MODULES = YES;
				CLANG_ENABLE_OBJC_ARC = YES;
				CLANG_ENABLE_OBJC_WEAK = YES;
				CLANG_WARN_BLOCK_CAPTURE_AUTORELEASING = YES;
				CLANG_WARN_BOOL_CONVERSION = YES;
				CLANG_WARN_COMMA = YES;
				CLANG_WARN_CONSTANT_CONVERSION = YES;
				CLANG_WARN_DEPRECATED_OBJC_IMPLEMENTATIONS = YES;
				CLANG_WARN_DIRECT_OBJC_ISA_USAGE = YES_ERROR;
				CLANG_WARN_DOCUMENTATION_COMMENTS = YES;
				CLANG_WARN_EMPTY_BODY = YES;
				CLANG_WARN_ENUM_CONVERSION = YES;
				CLANG_WARN_INFINITE_RECURSION = YES;
				CLANG_WARN_INT_CONVERSION = YES;
				CLANG_WARN_NON_LITERAL_NULL_CONVERSION = YES;
				CLANG_WARN_OBJC_IMPLICIT_RETAIN_SELF = YES;
				CLANG_WARN_OBJC_LITERAL_CONVERSION = YES;
				CLANG_WARN_OBJC_ROOT_CLASS = YES_ERROR;
				CLANG_WARN_RANGE_LOOP_ANALYSIS = YES;
				CLANG_WARN_STRICT_PROTOTYPES = YES;
				CLANG_WARN_SUSPICIOUS_MOVE = YES;
				CLANG_WARN_UNGUARDED_AVAILABILITY = YES_AGGRESSIVE;
				CLANG_WARN_UNREACHABLE_CODE = YES;
				CLANG_WARN__DUPLICATE_METHOD_MATCH = YES;
				CODE_SIGN_IDENTITY = "iPhone Developer";
				COPY_PHASE_STRIP = NO;
				DEBUG_INFORMATION_FORMAT = dwarf;
				ENABLE_STRICT_OBJC_MSGSEND = YES;
				ENABLE_TESTABILITY = YES;
				GCC_C_LANGUAGE_STANDARD = gnu11;
				GCC_DYNAMIC_NO_PIC = NO;
				GCC_NO_COMMON_BLOCKS = YES;
				GCC_OPTIMIZATION_LEVEL = 0;
				GCC_PREPROCESSOR_DEFINITIONS = (
					"DEBUG=1",
					"$(inherited)",
				);
				GCC_WARN_64_TO_32_BIT_CONVERSION = YES;
				GCC_WARN_ABOUT_RETURN_TYPE = YES_ERROR;
				GCC_WARN_UNDECLARED_SELECTOR = YES;
				GCC_WARN_UNINITIALIZED_AUTOS = YES_AGGRESSIVE;
				GCC_WARN_UNUSED_FUNCTION = YES;
				GCC_WARN_UNUSED_VARIABLE = YES;
				IPHONEOS_DEPLOYMENT_TARGET = 12.4;
				MTL_ENABLE_DEBUG_INFO = INCLUDE_SOURCE;
				MTL_FAST_MATH = YES;
				ONLY_ACTIVE_ARCH = YES;
				SDKROOT = iphoneos;
				SWIFT_ACTIVE_COMPILATION_CONDITIONS = DEBUG;
				SWIFT_OPTIMIZATION_LEVEL = "-Onone";
			};
			name = Debug;
		};
		10450F722327726300B81FAE /* Release */ = {
			isa = XCBuildConfiguration;
			buildSettings = {
				ALWAYS_SEARCH_USER_PATHS = NO;
				CLANG_ANALYZER_NONNULL = YES;
				CLANG_ANALYZER_NUMBER_OBJECT_CONVERSION = YES_AGGRESSIVE;
				CLANG_CXX_LANGUAGE_STANDARD = "gnu++14";
				CLANG_CXX_LIBRARY = "libc++";
				CLANG_ENABLE_MODULES = YES;
				CLANG_ENABLE_OBJC_ARC = YES;
				CLANG_ENABLE_OBJC_WEAK = YES;
				CLANG_WARN_BLOCK_CAPTURE_AUTORELEASING = YES;
				CLANG_WARN_BOOL_CONVERSION = YES;
				CLANG_WARN_COMMA = YES;
				CLANG_WARN_CONSTANT_CONVERSION = YES;
				CLANG_WARN_DEPRECATED_OBJC_IMPLEMENTATIONS = YES;
				CLANG_WARN_DIRECT_OBJC_ISA_USAGE = YES_ERROR;
				CLANG_WARN_DOCUMENTATION_COMMENTS = YES;
				CLANG_WARN_EMPTY_BODY = YES;
				CLANG_WARN_ENUM_CONVERSION = YES;
				CLANG_WARN_INFINITE_RECURSION = YES;
				CLANG_WARN_INT_CONVERSION = YES;
				CLANG_WARN_NON_LITERAL_NULL_CONVERSION = YES;
				CLANG_WARN_OBJC_IMPLICIT_RETAIN_SELF = YES;
				CLANG_WARN_OBJC_LITERAL_CONVERSION = YES;
				CLANG_WARN_OBJC_ROOT_CLASS = YES_ERROR;
				CLANG_WARN_RANGE_LOOP_ANALYSIS = YES;
				CLANG_WARN_STRICT_PROTOTYPES = YES;
				CLANG_WARN_SUSPICIOUS_MOVE = YES;
				CLANG_WARN_UNGUARDED_AVAILABILITY = YES_AGGRESSIVE;
				CLANG_WARN_UNREACHABLE_CODE = YES;
				CLANG_WARN__DUPLICATE_METHOD_MATCH = YES;
				CODE_SIGN_IDENTITY = "iPhone Developer";
				COPY_PHASE_STRIP = NO;
				DEBUG_INFORMATION_FORMAT = "dwarf-with-dsym";
				ENABLE_NS_ASSERTIONS = NO;
				ENABLE_STRICT_OBJC_MSGSEND = YES;
				GCC_C_LANGUAGE_STANDARD = gnu11;
				GCC_NO_COMMON_BLOCKS = YES;
				GCC_WARN_64_TO_32_BIT_CONVERSION = YES;
				GCC_WARN_ABOUT_RETURN_TYPE = YES_ERROR;
				GCC_WARN_UNDECLARED_SELECTOR = YES;
				GCC_WARN_UNINITIALIZED_AUTOS = YES_AGGRESSIVE;
				GCC_WARN_UNUSED_FUNCTION = YES;
				GCC_WARN_UNUSED_VARIABLE = YES;
				IPHONEOS_DEPLOYMENT_TARGET = 12.4;
				MTL_ENABLE_DEBUG_INFO = NO;
				MTL_FAST_MATH = YES;
				SDKROOT = iphoneos;
				SWIFT_COMPILATION_MODE = wholemodule;
				SWIFT_OPTIMIZATION_LEVEL = "-O";
				VALIDATE_PRODUCT = YES;
			};
			name = Release;
		};
		10450F742327726300B81FAE /* Debug */ = {
			isa = XCBuildConfiguration;
			baseConfigurationReference = 5AD74D21833CB276C6A7D828 /* Pods-PicSick.debug.xcconfig */;
			buildSettings = {
				ASSETCATALOG_COMPILER_APPICON_NAME = AppIcon;
				CODE_SIGN_STYLE = Automatic;
				DEVELOPMENT_TEAM = 8HL6GD96GK;
				INFOPLIST_FILE = InstagramClone/Info.plist;
				LD_RUNPATH_SEARCH_PATHS = (
					"$(inherited)",
					"@executable_path/Frameworks",
				);
				PRODUCT_BUNDLE_IDENTIFIER = deveshtyagi7.PicSick;
				PRODUCT_NAME = "$(TARGET_NAME)";
				SWIFT_VERSION = 5.0;
				TARGETED_DEVICE_FAMILY = "1,2";
			};
			name = Debug;
		};
		10450F752327726300B81FAE /* Release */ = {
			isa = XCBuildConfiguration;
			baseConfigurationReference = B374D59188A0A55EBED9307A /* Pods-PicSick.release.xcconfig */;
			buildSettings = {
				ASSETCATALOG_COMPILER_APPICON_NAME = AppIcon;
				CODE_SIGN_STYLE = Automatic;
				DEVELOPMENT_TEAM = 8HL6GD96GK;
				INFOPLIST_FILE = InstagramClone/Info.plist;
				LD_RUNPATH_SEARCH_PATHS = (
					"$(inherited)",
					"@executable_path/Frameworks",
				);
				PRODUCT_BUNDLE_IDENTIFIER = deveshtyagi7.PicSick;
				PRODUCT_NAME = "$(TARGET_NAME)";
				SWIFT_VERSION = 5.0;
				TARGETED_DEVICE_FAMILY = "1,2";
			};
			name = Release;
		};
/* End XCBuildConfiguration section */

/* Begin XCConfigurationList section */
		10450F5C2327725D00B81FAE /* Build configuration list for PBXProject "PicSick" */ = {
			isa = XCConfigurationList;
			buildConfigurations = (
				10450F712327726300B81FAE /* Debug */,
				10450F722327726300B81FAE /* Release */,
			);
			defaultConfigurationIsVisible = 0;
			defaultConfigurationName = Release;
		};
		10450F732327726300B81FAE /* Build configuration list for PBXNativeTarget "PicSick" */ = {
			isa = XCConfigurationList;
			buildConfigurations = (
				10450F742327726300B81FAE /* Debug */,
				10450F752327726300B81FAE /* Release */,
			);
			defaultConfigurationIsVisible = 0;
			defaultConfigurationName = Release;
		};
/* End XCConfigurationList section */
	};
	rootObject = 10450F592327725D00B81FAE /* Project object */;
}
